
Microsoft Visual Studio Solution File, Format Version 12.00
# Visual Studio Version 16
VisualStudioVersion = 16.0.30517.126
MinimumVisualStudioVersion = 10.0.40219.1
Project("{FAE04EC0-301F-11D3-BF4B-00C04F79EFBC}") = "NetlifyPortfolio", "NetlifyPortfolio.csproj", "{93410E74-ECEB-4E65-8454-9D2ACF88BBBA}"
EndProject
Global
	GlobalSection(SolutionConfigurationPlatforms) = preSolution
		Debug|Any CPU = Debug|Any CPU
		Release|Any CPU = Release|Any CPU
	EndGlobalSection
	GlobalSection(ProjectConfigurationPlatforms) = postSolution
		{93410E74-ECEB-4E65-8454-9D2ACF88BBBA}.Debug|Any CPU.ActiveCfg = Debug|Any CPU
		{93410E74-ECEB-4E65-8454-9D2ACF88BBBA}.Debug|Any CPU.Build.0 = Debug|Any CPU
		{93410E74-ECEB-4E65-8454-9D2ACF88BBBA}.Release|Any CPU.ActiveCfg = Release|Any CPU
		{93410E74-ECEB-4E65-8454-9D2ACF88BBBA}.Release|Any CPU.Build.0 = Release|Any CPU
	EndGlobalSection
	GlobalSection(SolutionProperties) = preSolution
		HideSolutionNode = FALSE
	EndGlobalSection
	GlobalSection(ExtensibilityGlobals) = postSolution
		SolutionGuid = {8EAA2A99-64A4-4772-95FC-3A4BAFFC10CB}
	EndGlobalSection
EndGlobal
